
Microsoft Visual Studio Solution File, Format Version 12.00
# Visual Studio Version 17
VisualStudioVersion = 17.9.34728.123
MinimumVisualStudioVersion = 10.0.40219.1
Project("{9A19103F-16F7-4668-BE54-9A1E7A4F7556}") = "Nuestra Señora del Rosario Backend", "Nuestra Señora del Rosario Backend.csproj", "{E0914C35-7A76-40DB-A6C2-ED7DC4DD5957}"
EndProject
Project("{FAE04EC0-301F-11D3-BF4B-00C04F79EFBC}") = "Entities", "..\Entities\Entities.csproj", "{BEC85F95-EBB8-43B4-AB36-2F7F1256B3E3}"
EndProject
Project("{FAE04EC0-301F-11D3-BF4B-00C04F79EFBC}") = "Services", "..\Services\Services.csproj", "{24D8AC1C-44AB-4F52-BB07-D074E78FA785}"
EndProject
Global
	GlobalSection(SolutionConfigurationPlatforms) = preSolution
		Debug|Any CPU = Debug|Any CPU
		Release|Any CPU = Release|Any CPU
	EndGlobalSection
	GlobalSection(ProjectConfigurationPlatforms) = postSolution
		{E0914C35-7A76-40DB-A6C2-ED7DC4DD5957}.Debug|Any CPU.ActiveCfg = Debug|Any CPU
		{E0914C35-7A76-40DB-A6C2-ED7DC4DD5957}.Debug|Any CPU.Build.0 = Debug|Any CPU
		{E0914C35-7A76-40DB-A6C2-ED7DC4DD5957}.Release|Any CPU.ActiveCfg = Release|Any CPU
		{E0914C35-7A76-40DB-A6C2-ED7DC4DD5957}.Release|Any CPU.Build.0 = Release|Any CPU
		{BEC85F95-EBB8-43B4-AB36-2F7F1256B3E3}.Debug|Any CPU.ActiveCfg = Debug|Any CPU
		{BEC85F95-EBB8-43B4-AB36-2F7F1256B3E3}.Debug|Any CPU.Build.0 = Debug|Any CPU
		{BEC85F95-EBB8-43B4-AB36-2F7F1256B3E3}.Release|Any CPU.ActiveCfg = Release|Any CPU
		{BEC85F95-EBB8-43B4-AB36-2F7F1256B3E3}.Release|Any CPU.Build.0 = Release|Any CPU
		{24D8AC1C-44AB-4F52-BB07-D074E78FA785}.Debug|Any CPU.ActiveCfg = Debug|Any CPU
		{24D8AC1C-44AB-4F52-BB07-D074E78FA785}.Debug|Any CPU.Build.0 = Debug|Any CPU
		{24D8AC1C-44AB-4F52-BB07-D074E78FA785}.Release|Any CPU.ActiveCfg = Release|Any CPU
		{24D8AC1C-44AB-4F52-BB07-D074E78FA785}.Release|Any CPU.Build.0 = Release|Any CPU
	EndGlobalSection
	GlobalSection(SolutionProperties) = preSolution
		HideSolutionNode = FALSE
	EndGlobalSection
	GlobalSection(ExtensibilityGlobals) = postSolution
		SolutionGuid = {845308A9-602B-4FE4-A977-22527106C3ED}
	EndGlobalSection
EndGlobal
